
Microsoft Visual Studio Solution File, Format Version 12.00
Project("{FAE04EC0-301F-11D3-BF4B-00C04F79EFBC}") = "EasyGraph", "EasyGraph\EasyGraph.csproj", "{52404791-6CA4-4FE8-B341-6085DC748D92}"
EndProject
Project("{FAE04EC0-301F-11D3-BF4B-00C04F79EFBC}") = "EasyGraphTest", "EasyGraphTest\EasyGraphTest.csproj", "{B589E2B3-DA20-4802-84E0-A85341C19D15}"
EndProject
Global
	GlobalSection(SolutionConfigurationPlatforms) = preSolution
		Debug|Any CPU = Debug|Any CPU
		Release|Any CPU = Release|Any CPU
	EndGlobalSection
	GlobalSection(ProjectConfigurationPlatforms) = postSolution
		{52404791-6CA4-4FE8-B341-6085DC748D92}.Debug|Any CPU.ActiveCfg = Debug|Any CPU
		{52404791-6CA4-4FE8-B341-6085DC748D92}.Debug|Any CPU.Build.0 = Debug|Any CPU
		{52404791-6CA4-4FE8-B341-6085DC748D92}.Release|Any CPU.ActiveCfg = Release|Any CPU
		{52404791-6CA4-4FE8-B341-6085DC748D92}.Release|Any CPU.Build.0 = Release|Any CPU
		{B589E2B3-DA20-4802-84E0-A85341C19D15}.Debug|Any CPU.ActiveCfg = Debug|Any CPU
		{B589E2B3-DA20-4802-84E0-A85341C19D15}.Debug|Any CPU.Build.0 = Debug|Any CPU
		{B589E2B3-DA20-4802-84E0-A85341C19D15}.Release|Any CPU.ActiveCfg = Release|Any CPU
		{B589E2B3-DA20-4802-84E0-A85341C19D15}.Release|Any CPU.Build.0 = Release|Any CPU
	EndGlobalSection
EndGlobal
